
Microsoft Visual Studio Solution File, Format Version 12.00
# Visual Studio Version 17
VisualStudioVersion = 17.5.33627.172
MinimumVisualStudioVersion = 10.0.40219.1
Project("{FAE04EC0-301F-11D3-BF4B-00C04F79EFBC}") = "maestrosdraft", "maestrosdraft\maestrosdraft.csproj", "{CFE7ABA2-2D14-4A09-94B0-E26F917A91FC}"
EndProject
Global
	GlobalSection(SolutionConfigurationPlatforms) = preSolution
		Debug|Any CPU = Debug|Any CPU
		Release|Any CPU = Release|Any CPU
	EndGlobalSection
	GlobalSection(ProjectConfigurationPlatforms) = postSolution
		{CFE7ABA2-2D14-4A09-94B0-E26F917A91FC}.Debug|Any CPU.ActiveCfg = Debug|Any CPU
		{CFE7ABA2-2D14-4A09-94B0-E26F917A91FC}.Debug|Any CPU.Build.0 = Debug|Any CPU
		{CFE7ABA2-2D14-4A09-94B0-E26F917A91FC}.Release|Any CPU.ActiveCfg = Release|Any CPU
		{CFE7ABA2-2D14-4A09-94B0-E26F917A91FC}.Release|Any CPU.Build.0 = Release|Any CPU
	EndGlobalSection
	GlobalSection(SolutionProperties) = preSolution
		HideSolutionNode = FALSE
	EndGlobalSection
	GlobalSection(ExtensibilityGlobals) = postSolution
		SolutionGuid = {14E1CD61-B222-45E4-BBA6-007055F53513}
	EndGlobalSection
EndGlobal
